
Microsoft Visual Studio Solution File, Format Version 12.00
# Visual Studio Version 17
VisualStudioVersion = 17.0.31903.59
MinimumVisualStudioVersion = 10.0.40219.1
Project("{FAE04EC0-301F-11D3-BF4B-00C04F79EFBC}") = "TrainingGround", "TrainingGround\TrainingGround.csproj", "{56F11CA3-D0F3-4868-AC85-82BE0A5B78B5}"
EndProject
Project("{FAE04EC0-301F-11D3-BF4B-00C04F79EFBC}") = "TrainingGround.Tests", "TrainingGround.Tests\TrainingGround.Tests.csproj", "{DB8DE140-73FE-4AB5-BBD0-0F96002885A9}"
EndProject
Global
	GlobalSection(SolutionConfigurationPlatforms) = preSolution
		Debug|Any CPU = Debug|Any CPU
		Release|Any CPU = Release|Any CPU
	EndGlobalSection
	GlobalSection(SolutionProperties) = preSolution
		HideSolutionNode = FALSE
	EndGlobalSection
	GlobalSection(ProjectConfigurationPlatforms) = postSolution
		{56F11CA3-D0F3-4868-AC85-82BE0A5B78B5}.Debug|Any CPU.ActiveCfg = Debug|Any CPU
		{56F11CA3-D0F3-4868-AC85-82BE0A5B78B5}.Debug|Any CPU.Build.0 = Debug|Any CPU
		{56F11CA3-D0F3-4868-AC85-82BE0A5B78B5}.Release|Any CPU.ActiveCfg = Release|Any CPU
		{56F11CA3-D0F3-4868-AC85-82BE0A5B78B5}.Release|Any CPU.Build.0 = Release|Any CPU
		{DB8DE140-73FE-4AB5-BBD0-0F96002885A9}.Debug|Any CPU.ActiveCfg = Debug|Any CPU
		{DB8DE140-73FE-4AB5-BBD0-0F96002885A9}.Debug|Any CPU.Build.0 = Debug|Any CPU
		{DB8DE140-73FE-4AB5-BBD0-0F96002885A9}.Release|Any CPU.ActiveCfg = Release|Any CPU
		{DB8DE140-73FE-4AB5-BBD0-0F96002885A9}.Release|Any CPU.Build.0 = Release|Any CPU
	EndGlobalSection
EndGlobal
